
Microsoft Visual Studio Solution File, Format Version 12.00
# Visual Studio Version 17
VisualStudioVersion = 17.7.34031.279
MinimumVisualStudioVersion = 10.0.40219.1
Project("{9A19103F-16F7-4668-BE54-9A1E7A4F7556}") = "CSharp01Operators", "CSharp01Operators\CSharp01Operators.csproj", "{65A6D58E-B23A-42EC-8D44-97F4208685F8}"
EndProject
Project("{9A19103F-16F7-4668-BE54-9A1E7A4F7556}") = "CSharp02Array", "CSharp02Array\CSharp02Array.csproj", "{AA70628C-9742-4901-8E18-342C2D1EF1CC}"
EndProject
Project("{9A19103F-16F7-4668-BE54-9A1E7A4F7556}") = "CSharp03OOP", "CSharp03OOP\CSharp03OOP.csproj", "{3FCC1505-52F4-430C-9171-C256887D5E9E}"
EndProject
Project("{9A19103F-16F7-4668-BE54-9A1E7A4F7556}") = "CSharp04Properties", "CSharp04Properties\CSharp04Properties.csproj", "{9938DD38-7313-44A5-87C6-3C2B78BC30D5}"
EndProject
Project("{9A19103F-16F7-4668-BE54-9A1E7A4F7556}") = "CSharp05Exception", "CSharp05Exception\CSharp05Exception.csproj", "{1D5A069E-8ECE-4E20-8C81-99B6CD0E3FAF}"
EndProject
Project("{9A19103F-16F7-4668-BE54-9A1E7A4F7556}") = "CSharp06Polymorphism", "CSharp06Polymorphism\CSharp06Polymorphism.csproj", "{D0BDBF91-E492-4577-834F-3E3A88976F4C}"
EndProject
Project("{9A19103F-16F7-4668-BE54-9A1E7A4F7556}") = "CSharp07Abstract", "CSharp07Abstract\CSharp07Abstract.csproj", "{284D1BE4-9E46-4A38-B22D-D4EF644FA3EB}"
EndProject
Project("{9A19103F-16F7-4668-BE54-9A1E7A4F7556}") = "CSharp08Interface", "CSharp08Interface\CSharp08Interface.csproj", "{6CA263A6-2224-4C02-867C-90DAB81BB618}"
EndProject
Project("{9A19103F-16F7-4668-BE54-9A1E7A4F7556}") = "CSharp10Generics", "CSharp10Generics\CSharp10Generics.csproj", "{7919A71E-074A-4028-B0FB-5AB13BAB142B}"
EndProject
Project("{9A19103F-16F7-4668-BE54-9A1E7A4F7556}") = "CSharp11Collection", "CSharp11Collection\CSharp11Collection.csproj", "{0604E565-AA33-4E8E-BA7F-2729D3B79FEF}"
EndProject
Project("{FAE04EC0-301F-11D3-BF4B-00C04F79EFBC}") = "CSharp12Delegates", "CSharp12Delegates\CSharp12Delegates.csproj", "{FC3105EC-2F89-4921-A52C-FA4A2CCBE40A}"
EndProject
Global
	GlobalSection(SolutionConfigurationPlatforms) = preSolution
		Debug|Any CPU = Debug|Any CPU
		Release|Any CPU = Release|Any CPU
	EndGlobalSection
	GlobalSection(ProjectConfigurationPlatforms) = postSolution
		{65A6D58E-B23A-42EC-8D44-97F4208685F8}.Debug|Any CPU.ActiveCfg = Debug|Any CPU
		{65A6D58E-B23A-42EC-8D44-97F4208685F8}.Debug|Any CPU.Build.0 = Debug|Any CPU
		{65A6D58E-B23A-42EC-8D44-97F4208685F8}.Release|Any CPU.ActiveCfg = Release|Any CPU
		{65A6D58E-B23A-42EC-8D44-97F4208685F8}.Release|Any CPU.Build.0 = Release|Any CPU
		{AA70628C-9742-4901-8E18-342C2D1EF1CC}.Debug|Any CPU.ActiveCfg = Debug|Any CPU
		{AA70628C-9742-4901-8E18-342C2D1EF1CC}.Debug|Any CPU.Build.0 = Debug|Any CPU
		{AA70628C-9742-4901-8E18-342C2D1EF1CC}.Release|Any CPU.ActiveCfg = Release|Any CPU
		{AA70628C-9742-4901-8E18-342C2D1EF1CC}.Release|Any CPU.Build.0 = Release|Any CPU
		{3FCC1505-52F4-430C-9171-C256887D5E9E}.Debug|Any CPU.ActiveCfg = Debug|Any CPU
		{3FCC1505-52F4-430C-9171-C256887D5E9E}.Debug|Any CPU.Build.0 = Debug|Any CPU
		{3FCC1505-52F4-430C-9171-C256887D5E9E}.Release|Any CPU.ActiveCfg = Release|Any CPU
		{3FCC1505-52F4-430C-9171-C256887D5E9E}.Release|Any CPU.Build.0 = Release|Any CPU
		{9938DD38-7313-44A5-87C6-3C2B78BC30D5}.Debug|Any CPU.ActiveCfg = Debug|Any CPU
		{9938DD38-7313-44A5-87C6-3C2B78BC30D5}.Debug|Any CPU.Build.0 = Debug|Any CPU
		{9938DD38-7313-44A5-87C6-3C2B78BC30D5}.Release|Any CPU.ActiveCfg = Release|Any CPU
		{9938DD38-7313-44A5-87C6-3C2B78BC30D5}.Release|Any CPU.Build.0 = Release|Any CPU
		{1D5A069E-8ECE-4E20-8C81-99B6CD0E3FAF}.Debug|Any CPU.ActiveCfg = Debug|Any CPU
		{1D5A069E-8ECE-4E20-8C81-99B6CD0E3FAF}.Debug|Any CPU.Build.0 = Debug|Any CPU
		{1D5A069E-8ECE-4E20-8C81-99B6CD0E3FAF}.Release|Any CPU.ActiveCfg = Release|Any CPU
		{1D5A069E-8ECE-4E20-8C81-99B6CD0E3FAF}.Release|Any CPU.Build.0 = Release|Any CPU
		{D0BDBF91-E492-4577-834F-3E3A88976F4C}.Debug|Any CPU.ActiveCfg = Debug|Any CPU
		{D0BDBF91-E492-4577-834F-3E3A88976F4C}.Debug|Any CPU.Build.0 = Debug|Any CPU
		{D0BDBF91-E492-4577-834F-3E3A88976F4C}.Release|Any CPU.ActiveCfg = Release|Any CPU
		{D0BDBF91-E492-4577-834F-3E3A88976F4C}.Release|Any CPU.Build.0 = Release|Any CPU
		{284D1BE4-9E46-4A38-B22D-D4EF644FA3EB}.Debug|Any CPU.ActiveCfg = Debug|Any CPU
		{284D1BE4-9E46-4A38-B22D-D4EF644FA3EB}.Debug|Any CPU.Build.0 = Debug|Any CPU
		{284D1BE4-9E46-4A38-B22D-D4EF644FA3EB}.Release|Any CPU.ActiveCfg = Release|Any CPU
		{284D1BE4-9E46-4A38-B22D-D4EF644FA3EB}.Release|Any CPU.Build.0 = Release|Any CPU
		{6CA263A6-2224-4C02-867C-90DAB81BB618}.Debug|Any CPU.ActiveCfg = Debug|Any CPU
		{6CA263A6-2224-4C02-867C-90DAB81BB618}.Debug|Any CPU.Build.0 = Debug|Any CPU
		{6CA263A6-2224-4C02-867C-90DAB81BB618}.Release|Any CPU.ActiveCfg = Release|Any CPU
		{6CA263A6-2224-4C02-867C-90DAB81BB618}.Release|Any CPU.Build.0 = Release|Any CPU
		{7919A71E-074A-4028-B0FB-5AB13BAB142B}.Debug|Any CPU.ActiveCfg = Debug|Any CPU
		{7919A71E-074A-4028-B0FB-5AB13BAB142B}.Debug|Any CPU.Build.0 = Debug|Any CPU
		{7919A71E-074A-4028-B0FB-5AB13BAB142B}.Release|Any CPU.ActiveCfg = Release|Any CPU
		{7919A71E-074A-4028-B0FB-5AB13BAB142B}.Release|Any CPU.Build.0 = Release|Any CPU
		{0604E565-AA33-4E8E-BA7F-2729D3B79FEF}.Debug|Any CPU.ActiveCfg = Debug|Any CPU
		{0604E565-AA33-4E8E-BA7F-2729D3B79FEF}.Debug|Any CPU.Build.0 = Debug|Any CPU
		{0604E565-AA33-4E8E-BA7F-2729D3B79FEF}.Release|Any CPU.ActiveCfg = Release|Any CPU
		{0604E565-AA33-4E8E-BA7F-2729D3B79FEF}.Release|Any CPU.Build.0 = Release|Any CPU
		{FC3105EC-2F89-4921-A52C-FA4A2CCBE40A}.Debug|Any CPU.ActiveCfg = Debug|Any CPU
		{FC3105EC-2F89-4921-A52C-FA4A2CCBE40A}.Debug|Any CPU.Build.0 = Debug|Any CPU
		{FC3105EC-2F89-4921-A52C-FA4A2CCBE40A}.Release|Any CPU.ActiveCfg = Release|Any CPU
		{FC3105EC-2F89-4921-A52C-FA4A2CCBE40A}.Release|Any CPU.Build.0 = Release|Any CPU
	EndGlobalSection
	GlobalSection(SolutionProperties) = preSolution
		HideSolutionNode = FALSE
	EndGlobalSection
	GlobalSection(ExtensibilityGlobals) = postSolution
		SolutionGuid = {7A979776-E6C0-4225-8D6C-2123CE2AC22B}
	EndGlobalSection
EndGlobal
