
Microsoft Visual Studio Solution File, Format Version 12.00
# Visual Studio Version 17
VisualStudioVersion = 17.7.34031.279
MinimumVisualStudioVersion = 10.0.40219.1
Project("{FAE04EC0-301F-11D3-BF4B-00C04F79EFBC}") = "CSharp01Operators", "CSharp01Operators\CSharp01Operators.csproj", "{65A6D58E-B23A-42EC-8D44-97F4208685F8}"
EndProject
Global
	GlobalSection(SolutionConfigurationPlatforms) = preSolution
		Debug|Any CPU = Debug|Any CPU
		Release|Any CPU = Release|Any CPU
	EndGlobalSection
	GlobalSection(ProjectConfigurationPlatforms) = postSolution
		{65A6D58E-B23A-42EC-8D44-97F4208685F8}.Debug|Any CPU.ActiveCfg = Debug|Any CPU
		{65A6D58E-B23A-42EC-8D44-97F4208685F8}.Debug|Any CPU.Build.0 = Debug|Any CPU
		{65A6D58E-B23A-42EC-8D44-97F4208685F8}.Release|Any CPU.ActiveCfg = Release|Any CPU
		{65A6D58E-B23A-42EC-8D44-97F4208685F8}.Release|Any CPU.Build.0 = Release|Any CPU
	EndGlobalSection
	GlobalSection(SolutionProperties) = preSolution
		HideSolutionNode = FALSE
	EndGlobalSection
	GlobalSection(ExtensibilityGlobals) = postSolution
		SolutionGuid = {7A979776-E6C0-4225-8D6C-2123CE2AC22B}
	EndGlobalSection
EndGlobal
